{
  "name": "limansky_me",
  "lockfileVersion": 2,
  "requires": true,
  "packages": {
    "": {
      "devDependencies": {
        "bootstrap": "5.2.0",
        "startbootstrap-clean-blog": "6.0.8"
      }
    },
    "node_modules/@popperjs/core": {
      "version": "2.11.6",
      "resolved": "https://registry.npmjs.org/@popperjs/core/-/core-2.11.6.tgz",
      "integrity": "sha512-50/17A98tWUfQ176raKiOGXuYpLyyVMkxxG6oylzL3BPOlA6ADGdK7EYunSa4I064xerltq9TGXs8HmOk5E+vw==",
      "dev": true,
      "peer": true,
      "funding": {
        "type": "opencollective",
        "url": "https://opencollective.com/popperjs"
      }
    },
    "node_modules/bootstrap": {
      "version": "5.2.0",
      "resolved": "https://registry.npmjs.org/bootstrap/-/bootstrap-5.2.0.tgz",
      "integrity": "sha512-qlnS9GL6YZE6Wnef46GxGv1UpGGzAwO0aPL1yOjzDIJpeApeMvqV24iL+pjr2kU4dduoBA9fINKWKgMToobx9A==",
      "dev": true,
      "funding": [
        {
          "type": "github",
          "url": "https://github.com/sponsors/twbs"
        },
        {
          "type": "opencollective",
          "url": "https://opencollective.com/bootstrap"
        }
      ],
      "peerDependencies": {
        "@popperjs/core": "^2.11.5"
      }
    },
    "node_modules/startbootstrap-clean-blog": {
      "version": "6.0.8",
      "resolved": "https://registry.npmjs.org/startbootstrap-clean-blog/-/startbootstrap-clean-blog-6.0.8.tgz",
      "integrity": "sha512-X5jOLspNr6Afn/rDOpw9Riv87F8nTnl6k0EzHajWqoGI4Bl1dxeTa2dAAoxY7Hc8Egtsj3HNyQ1LdqLySOdPgQ==",
      "dev": true,
      "dependencies": {
        "bootstrap": "5.1.3"
      }
    },
    "node_modules/startbootstrap-clean-blog/node_modules/bootstrap": {
      "version": "5.1.3",
      "resolved": "https://registry.npmjs.org/bootstrap/-/bootstrap-5.1.3.tgz",
      "integrity": "sha512-fcQztozJ8jToQWXxVuEyXWW+dSo8AiXWKwiSSrKWsRB/Qt+Ewwza+JWoLKiTuQLaEPhdNAJ7+Dosc9DOIqNy7Q==",
      "dev": true,
      "funding": {
        "type": "opencollective",
        "url": "https://opencollective.com/bootstrap"
      },
      "peerDependencies": {
        "@popperjs/core": "^2.10.2"
      }
    }
  },
  "dependencies": {
    "@popperjs/core": {
      "version": "2.11.6",
      "resolved": "https://registry.npmjs.org/@popperjs/core/-/core-2.11.6.tgz",
      "integrity": "sha512-50/17A98tWUfQ176raKiOGXuYpLyyVMkxxG6oylzL3BPOlA6ADGdK7EYunSa4I064xerltq9TGXs8HmOk5E+vw==",
      "dev": true,
      "peer": true
    },
    "bootstrap": {
      "version": "5.2.0",
      "resolved": "https://registry.npmjs.org/bootstrap/-/bootstrap-5.2.0.tgz",
      "integrity": "sha512-qlnS9GL6YZE6Wnef46GxGv1UpGGzAwO0aPL1yOjzDIJpeApeMvqV24iL+pjr2kU4dduoBA9fINKWKgMToobx9A==",
      "dev": true,
      "requires": {}
    },
    "startbootstrap-clean-blog": {
      "version": "6.0.8",
      "resolved": "https://registry.npmjs.org/startbootstrap-clean-blog/-/startbootstrap-clean-blog-6.0.8.tgz",
      "integrity": "sha512-X5jOLspNr6Afn/rDOpw9Riv87F8nTnl6k0EzHajWqoGI4Bl1dxeTa2dAAoxY7Hc8Egtsj3HNyQ1LdqLySOdPgQ==",
      "dev": true,
      "requires": {
        "bootstrap": "5.1.3"
      },
      "dependencies": {
        "bootstrap": {
          "version": "5.1.3",
          "resolved": "https://registry.npmjs.org/bootstrap/-/bootstrap-5.1.3.tgz",
          "integrity": "sha512-fcQztozJ8jToQWXxVuEyXWW+dSo8AiXWKwiSSrKWsRB/Qt+Ewwza+JWoLKiTuQLaEPhdNAJ7+Dosc9DOIqNy7Q==",
          "dev": true,
          "requires": {}
        }
      }
    }
  }
}
